# This file is automatically @generated by Cargo.
# It is not intended for manual editing.
version = 4

[[package]]
name = "athlesia_autonomous_active_experimentation"
version = "0.1.0"
dependencies = [
 "athlesia_mindstone_sparse_cognition",
]

[[package]]
name = "athlesia_autonomous_cognitive_self_bootstrap"
version = "0.1.0"
dependencies = [
 "athlesia_mindstone_sparse_cognition",
]

[[package]]
name = "athlesia_core_knowledge_perceptual_grounding"
version = "0.1.0"
dependencies = [
 "athlesia_mindstone_sparse_cognition",
]

[[package]]
name = "athlesia_executive_agency"
version = "0.1.0"
dependencies = [
 "athlesia_mindstone_sparse_cognition",
]

[[package]]
name = "athlesia_integrated_cognitive_agent"
version = "0.1.0"
dependencies = [
 "athlesia_autonomous_active_experimentation",
 "athlesia_autonomous_cognitive_self_bootstrap",
 "athlesia_core_knowledge_perceptual_grounding",
 "athlesia_executive_agency",
 "athlesia_meta_learning_skill_memory",
 "athlesia_mindstone_sparse_cognition",
 "athlesia_universal_domain_learning",
]

[[package]]
name = "athlesia_meta_learning_skill_memory"
version = "0.1.0"
dependencies = [
 "athlesia_mindstone_sparse_cognition",
]

[[package]]
name = "athlesia_mindstone_sparse_cognition"
version = "0.1.0"

[[package]]
name = "athlesia_universal_domain_learning"
version = "0.1.0"
dependencies = [
 "athlesia_mindstone_sparse_cognition",
]
