# This file is automatically @generated by Cargo.
# It is not intended for manual editing.
version = 4

[[package]]
name = "athlesia"
version = "0.1.0"

[[package]]
name = "athlesia_cross_level"
version = "0.1.0"
dependencies = [
 "athlesia",
 "athlesia_hierarchy",
]

[[package]]
name = "athlesia_hierarchy"
version = "0.1.0"
dependencies = [
 "athlesia",
 "athlesia_revision",
]

[[package]]
name = "athlesia_recursive"
version = "0.1.0"
dependencies = [
 "athlesia",
 "athlesia_cross_level",
 "athlesia_hierarchy",
]

[[package]]
name = "athlesia_revision"
version = "0.1.0"
dependencies = [
 "athlesia",
]
